
Microsoft Visual Studio Solution File, Format Version 12.00
# Visual Studio Version 17
VisualStudioVersion = 17.2.32519.379
MinimumVisualStudioVersion = 10.0.40219.1
Project("{FAE04EC0-301F-11D3-BF4B-00C04F79EFBC}") = "PdfConversion", "PdfConversion\PdfConversion.csproj", "{13DB64A0-86BA-4A94-A591-937248322E5D}"
EndProject
Global
	GlobalSection(SolutionConfigurationPlatforms) = preSolution
		Debug|Any CPU = Debug|Any CPU
		Release|Any CPU = Release|Any CPU
	EndGlobalSection
	GlobalSection(ProjectConfigurationPlatforms) = postSolution
		{13DB64A0-86BA-4A94-A591-937248322E5D}.Debug|Any CPU.ActiveCfg = Debug|Any CPU
		{13DB64A0-86BA-4A94-A591-937248322E5D}.Debug|Any CPU.Build.0 = Debug|Any CPU
		{13DB64A0-86BA-4A94-A591-937248322E5D}.Release|Any CPU.ActiveCfg = Release|Any CPU
		{13DB64A0-86BA-4A94-A591-937248322E5D}.Release|Any CPU.Build.0 = Release|Any CPU
	EndGlobalSection
	GlobalSection(SolutionProperties) = preSolution
		HideSolutionNode = FALSE
	EndGlobalSection
	GlobalSection(ExtensibilityGlobals) = postSolution
		SolutionGuid = {A8124A64-F452-43B3-8769-7548EA371149}
	EndGlobalSection
EndGlobal
